
Microsoft Visual Studio Solution File, Format Version 12.00
# Visual Studio Version 17
VisualStudioVersion = 17.10.35027.167
MinimumVisualStudioVersion = 10.0.40219.1
Project("{FAE04EC0-301F-11D3-BF4B-00C04F79EFBC}") = "Inventory", "Inventory.csproj", "{5A5D62A2-8608-4248-873F-9A1CCD1C0BA5}"
EndProject
Global
	GlobalSection(SolutionConfigurationPlatforms) = preSolution
		Debug|Any CPU = Debug|Any CPU
		Release|Any CPU = Release|Any CPU
	EndGlobalSection
	GlobalSection(ProjectConfigurationPlatforms) = postSolution
		{5A5D62A2-8608-4248-873F-9A1CCD1C0BA5}.Debug|Any CPU.ActiveCfg = Debug|Any CPU
		{5A5D62A2-8608-4248-873F-9A1CCD1C0BA5}.Debug|Any CPU.Build.0 = Debug|Any CPU
		{5A5D62A2-8608-4248-873F-9A1CCD1C0BA5}.Release|Any CPU.ActiveCfg = Release|Any CPU
		{5A5D62A2-8608-4248-873F-9A1CCD1C0BA5}.Release|Any CPU.Build.0 = Release|Any CPU
	EndGlobalSection
	GlobalSection(SolutionProperties) = preSolution
		HideSolutionNode = FALSE
	EndGlobalSection
	GlobalSection(ExtensibilityGlobals) = postSolution
		SolutionGuid = {8EAAC024-3D0C-44E9-8E0C-CFD3172DB3AF}
	EndGlobalSection
EndGlobal
